
Microsoft Visual Studio Solution File, Format Version 12.00
# Visual Studio 2012
Project("{2150E333-8FDC-42A3-9474-1A3956D46DE8}") = "01.ui", "01.ui", "{A9531330-1643-4920-880F-683EDF9C29C6}"
EndProject
Project("{2150E333-8FDC-42A3-9474-1A3956D46DE8}") = "02.uiApi", "02.uiApi", "{21E565D9-BE12-4CB1-8C8D-F320994078AD}"
EndProject
Project("{FAE04EC0-301F-11D3-BF4B-00C04F79EFBC}") = "apiblog", "apiblog\apiblog.csproj", "{91216E58-66C4-4877-8F72-3E7B24AEAD1D}"
EndProject
Project("{2150E333-8FDC-42A3-9474-1A3956D46DE8}") = "03.models", "03.models", "{C3F6245B-A2E0-42A4-A9C5-0D311FD4FF80}"
EndProject
Project("{FAE04EC0-301F-11D3-BF4B-00C04F79EFBC}") = "BlogModels", "BlogModels\BlogModels.csproj", "{308BF55B-4576-4640-8A52-5D247B231FCD}"
EndProject
Project("{FAE04EC0-301F-11D3-BF4B-00C04F79EFBC}") = "uiblog", "uiblog\uiblog.csproj", "{73F29FBB-B14E-4F19-A7B5-DEC7826F4C76}"
EndProject
Project("{2150E333-8FDC-42A3-9474-1A3956D46DE8}") = "04.testapi", "04.testapi", "{73C9EB31-6084-4A68-9DDA-4CB41ABCFC23}"
EndProject
Project("{FAE04EC0-301F-11D3-BF4B-00C04F79EFBC}") = "xtestApi", "xtestApi\xtestApi.csproj", "{B5943AA8-EF7A-461C-AC1B-08413231920E}"
EndProject
Project("{2150E333-8FDC-42A3-9474-1A3956D46DE8}") = "05.plugs", "05.plugs", "{BFA34DBB-2217-43F9-AD82-14453936B84A}"
EndProject
Project("{FAE04EC0-301F-11D3-BF4B-00C04F79EFBC}") = "CorePlugs20", "CorePlugs20\CorePlugs20.csproj", "{F5A7B029-D709-4CEC-BEC0-B25C241CACAC}"
EndProject
Project("{2150E333-8FDC-42A3-9474-1A3956D46DE8}") = "06.authen", "06.authen", "{FF503A51-EEA5-41E8-B8D6-1B5A76F7AFF3}"
EndProject
Project("{FAE04EC0-301F-11D3-BF4B-00C04F79EFBC}") = "Authen", "Authen\Authen.csproj", "{2C3599AC-E41A-4A94-BCFD-6B014AE7C9C5}"
EndProject
Global
	GlobalSection(SolutionConfigurationPlatforms) = preSolution
		Debug|Any CPU = Debug|Any CPU
		Release|Any CPU = Release|Any CPU
	EndGlobalSection
	GlobalSection(ProjectConfigurationPlatforms) = postSolution
		{91216E58-66C4-4877-8F72-3E7B24AEAD1D}.Debug|Any CPU.ActiveCfg = Debug|Any CPU
		{91216E58-66C4-4877-8F72-3E7B24AEAD1D}.Debug|Any CPU.Build.0 = Debug|Any CPU
		{91216E58-66C4-4877-8F72-3E7B24AEAD1D}.Release|Any CPU.ActiveCfg = Release|Any CPU
		{91216E58-66C4-4877-8F72-3E7B24AEAD1D}.Release|Any CPU.Build.0 = Release|Any CPU
		{308BF55B-4576-4640-8A52-5D247B231FCD}.Debug|Any CPU.ActiveCfg = Debug|Any CPU
		{308BF55B-4576-4640-8A52-5D247B231FCD}.Debug|Any CPU.Build.0 = Debug|Any CPU
		{308BF55B-4576-4640-8A52-5D247B231FCD}.Release|Any CPU.ActiveCfg = Release|Any CPU
		{308BF55B-4576-4640-8A52-5D247B231FCD}.Release|Any CPU.Build.0 = Release|Any CPU
		{73F29FBB-B14E-4F19-A7B5-DEC7826F4C76}.Debug|Any CPU.ActiveCfg = Debug|Any CPU
		{73F29FBB-B14E-4F19-A7B5-DEC7826F4C76}.Debug|Any CPU.Build.0 = Debug|Any CPU
		{73F29FBB-B14E-4F19-A7B5-DEC7826F4C76}.Release|Any CPU.ActiveCfg = Release|Any CPU
		{73F29FBB-B14E-4F19-A7B5-DEC7826F4C76}.Release|Any CPU.Build.0 = Release|Any CPU
		{B5943AA8-EF7A-461C-AC1B-08413231920E}.Debug|Any CPU.ActiveCfg = Debug|Any CPU
		{B5943AA8-EF7A-461C-AC1B-08413231920E}.Debug|Any CPU.Build.0 = Debug|Any CPU
		{B5943AA8-EF7A-461C-AC1B-08413231920E}.Release|Any CPU.ActiveCfg = Release|Any CPU
		{B5943AA8-EF7A-461C-AC1B-08413231920E}.Release|Any CPU.Build.0 = Release|Any CPU
		{F5A7B029-D709-4CEC-BEC0-B25C241CACAC}.Debug|Any CPU.ActiveCfg = Debug|Any CPU
		{F5A7B029-D709-4CEC-BEC0-B25C241CACAC}.Debug|Any CPU.Build.0 = Debug|Any CPU
		{F5A7B029-D709-4CEC-BEC0-B25C241CACAC}.Release|Any CPU.ActiveCfg = Release|Any CPU
		{F5A7B029-D709-4CEC-BEC0-B25C241CACAC}.Release|Any CPU.Build.0 = Release|Any CPU
		{2C3599AC-E41A-4A94-BCFD-6B014AE7C9C5}.Debug|Any CPU.ActiveCfg = Debug|Any CPU
		{2C3599AC-E41A-4A94-BCFD-6B014AE7C9C5}.Debug|Any CPU.Build.0 = Debug|Any CPU
		{2C3599AC-E41A-4A94-BCFD-6B014AE7C9C5}.Release|Any CPU.ActiveCfg = Release|Any CPU
		{2C3599AC-E41A-4A94-BCFD-6B014AE7C9C5}.Release|Any CPU.Build.0 = Release|Any CPU
	EndGlobalSection
	GlobalSection(NestedProjects) = preSolution
		{91216E58-66C4-4877-8F72-3E7B24AEAD1D} = {21E565D9-BE12-4CB1-8C8D-F320994078AD}
		{308BF55B-4576-4640-8A52-5D247B231FCD} = {C3F6245B-A2E0-42A4-A9C5-0D311FD4FF80}
		{73F29FBB-B14E-4F19-A7B5-DEC7826F4C76} = {A9531330-1643-4920-880F-683EDF9C29C6}
		{B5943AA8-EF7A-461C-AC1B-08413231920E} = {73C9EB31-6084-4A68-9DDA-4CB41ABCFC23}
		{F5A7B029-D709-4CEC-BEC0-B25C241CACAC} = {BFA34DBB-2217-43F9-AD82-14453936B84A}
		{2C3599AC-E41A-4A94-BCFD-6B014AE7C9C5} = {FF503A51-EEA5-41E8-B8D6-1B5A76F7AFF3}
	EndGlobalSection
EndGlobal
